
Microsoft Visual Studio Solution File, Format Version 12.00
# Visual Studio Version 17
VisualStudioVersion = 17.6.33815.320
MinimumVisualStudioVersion = 10.0.40219.1
Project("{2150E333-8FDC-42A3-9474-1A3956D46DE8}") = "ApiConsume", "ApiConsume", "{885F614A-C1BD-41EC-8045-3550D5A924A2}"
EndProject
Project("{2150E333-8FDC-42A3-9474-1A3956D46DE8}") = "Frontend", "Frontend", "{70CB188A-8A99-4670-8D4F-FB5A29943F44}"
EndProject
Project("{2150E333-8FDC-42A3-9474-1A3956D46DE8}") = "ToDoList", "ToDoList", "{6877CD51-52BA-40A4-8ACF-AB2CA57135A4}"
	ProjectSection(SolutionItems) = preProject
		ToDoList.txt = ToDoList.txt
	EndProjectSection
EndProject
Project("{9A19103F-16F7-4668-BE54-9A1E7A4F7556}") = "HotelProject.BusinessLayer", "ApiConsume\HotelProject.BusinessLayer\HotelProject.BusinessLayer.csproj", "{DA2665CB-AAAA-4464-9D5B-988D839A1B74}"
EndProject
Project("{9A19103F-16F7-4668-BE54-9A1E7A4F7556}") = "HotelProject.WebUI", "Frontend\HotelProject.WebUI\HotelProject.WebUI.csproj", "{F9DFEA96-ADE3-4B7F-9B05-248F7CAAA089}"
EndProject
Project("{9A19103F-16F7-4668-BE54-9A1E7A4F7556}") = "HotelProject.DtoLayer", "ApiConsume\HotelProject.DtoLayer\HotelProject.DtoLayer.csproj", "{50A5FE7D-1F6A-4E7F-973A-1FB0F5B2E1CD}"
EndProject
Project("{9A19103F-16F7-4668-BE54-9A1E7A4F7556}") = "HotelProject.EntityLayer", "ApiConsume\HotelProject.EntityLayer\HotelProject.EntityLayer.csproj", "{E7567D22-790C-4F15-BF35-5883633AE43F}"
EndProject
Project("{9A19103F-16F7-4668-BE54-9A1E7A4F7556}") = "HotelProject.DataAccessLayer", "ApiConsume\HotelProject.DataAccessLayer\HotelProject.DataAccessLayer.csproj", "{4D6E00C1-6EA5-4A21-9302-AB261988C532}"
EndProject
Project("{9A19103F-16F7-4668-BE54-9A1E7A4F7556}") = "HotelProject.WebApi", "ApiConsume\HotelProject.WebApi\HotelProject.WebApi.csproj", "{D42D993E-5815-4169-80DC-37C39A0EE4A1}"
EndProject
Project("{2150E333-8FDC-42A3-9474-1A3956D46DE8}") = "RapidApi", "RapidApi", "{24988262-9586-4E53-8E9B-154A928BAD4A}"
EndProject
Project("{FAE04EC0-301F-11D3-BF4B-00C04F79EFBC}") = "RapidApiConsume", "RapidApi\RapidApiConsume\RapidApiConsume.csproj", "{140D8DA9-14E0-4AF2-84D7-7A042C8F9694}"
EndProject
Global
	GlobalSection(SolutionConfigurationPlatforms) = preSolution
		Debug|Any CPU = Debug|Any CPU
		Release|Any CPU = Release|Any CPU
	EndGlobalSection
	GlobalSection(ProjectConfigurationPlatforms) = postSolution
		{DA2665CB-AAAA-4464-9D5B-988D839A1B74}.Debug|Any CPU.ActiveCfg = Debug|Any CPU
		{DA2665CB-AAAA-4464-9D5B-988D839A1B74}.Debug|Any CPU.Build.0 = Debug|Any CPU
		{DA2665CB-AAAA-4464-9D5B-988D839A1B74}.Release|Any CPU.ActiveCfg = Release|Any CPU
		{DA2665CB-AAAA-4464-9D5B-988D839A1B74}.Release|Any CPU.Build.0 = Release|Any CPU
		{F9DFEA96-ADE3-4B7F-9B05-248F7CAAA089}.Debug|Any CPU.ActiveCfg = Debug|Any CPU
		{F9DFEA96-ADE3-4B7F-9B05-248F7CAAA089}.Debug|Any CPU.Build.0 = Debug|Any CPU
		{F9DFEA96-ADE3-4B7F-9B05-248F7CAAA089}.Release|Any CPU.ActiveCfg = Release|Any CPU
		{F9DFEA96-ADE3-4B7F-9B05-248F7CAAA089}.Release|Any CPU.Build.0 = Release|Any CPU
		{50A5FE7D-1F6A-4E7F-973A-1FB0F5B2E1CD}.Debug|Any CPU.ActiveCfg = Debug|Any CPU
		{50A5FE7D-1F6A-4E7F-973A-1FB0F5B2E1CD}.Debug|Any CPU.Build.0 = Debug|Any CPU
		{50A5FE7D-1F6A-4E7F-973A-1FB0F5B2E1CD}.Release|Any CPU.ActiveCfg = Release|Any CPU
		{50A5FE7D-1F6A-4E7F-973A-1FB0F5B2E1CD}.Release|Any CPU.Build.0 = Release|Any CPU
		{E7567D22-790C-4F15-BF35-5883633AE43F}.Debug|Any CPU.ActiveCfg = Debug|Any CPU
		{E7567D22-790C-4F15-BF35-5883633AE43F}.Debug|Any CPU.Build.0 = Debug|Any CPU
		{E7567D22-790C-4F15-BF35-5883633AE43F}.Release|Any CPU.ActiveCfg = Release|Any CPU
		{E7567D22-790C-4F15-BF35-5883633AE43F}.Release|Any CPU.Build.0 = Release|Any CPU
		{4D6E00C1-6EA5-4A21-9302-AB261988C532}.Debug|Any CPU.ActiveCfg = Debug|Any CPU
		{4D6E00C1-6EA5-4A21-9302-AB261988C532}.Debug|Any CPU.Build.0 = Debug|Any CPU
		{4D6E00C1-6EA5-4A21-9302-AB261988C532}.Release|Any CPU.ActiveCfg = Release|Any CPU
		{4D6E00C1-6EA5-4A21-9302-AB261988C532}.Release|Any CPU.Build.0 = Release|Any CPU
		{D42D993E-5815-4169-80DC-37C39A0EE4A1}.Debug|Any CPU.ActiveCfg = Debug|Any CPU
		{D42D993E-5815-4169-80DC-37C39A0EE4A1}.Debug|Any CPU.Build.0 = Debug|Any CPU
		{D42D993E-5815-4169-80DC-37C39A0EE4A1}.Release|Any CPU.ActiveCfg = Release|Any CPU
		{D42D993E-5815-4169-80DC-37C39A0EE4A1}.Release|Any CPU.Build.0 = Release|Any CPU
		{140D8DA9-14E0-4AF2-84D7-7A042C8F9694}.Debug|Any CPU.ActiveCfg = Debug|Any CPU
		{140D8DA9-14E0-4AF2-84D7-7A042C8F9694}.Debug|Any CPU.Build.0 = Debug|Any CPU
		{140D8DA9-14E0-4AF2-84D7-7A042C8F9694}.Release|Any CPU.ActiveCfg = Release|Any CPU
		{140D8DA9-14E0-4AF2-84D7-7A042C8F9694}.Release|Any CPU.Build.0 = Release|Any CPU
	EndGlobalSection
	GlobalSection(SolutionProperties) = preSolution
		HideSolutionNode = FALSE
	EndGlobalSection
	GlobalSection(NestedProjects) = preSolution
		{DA2665CB-AAAA-4464-9D5B-988D839A1B74} = {885F614A-C1BD-41EC-8045-3550D5A924A2}
		{F9DFEA96-ADE3-4B7F-9B05-248F7CAAA089} = {70CB188A-8A99-4670-8D4F-FB5A29943F44}
		{50A5FE7D-1F6A-4E7F-973A-1FB0F5B2E1CD} = {885F614A-C1BD-41EC-8045-3550D5A924A2}
		{E7567D22-790C-4F15-BF35-5883633AE43F} = {885F614A-C1BD-41EC-8045-3550D5A924A2}
		{4D6E00C1-6EA5-4A21-9302-AB261988C532} = {885F614A-C1BD-41EC-8045-3550D5A924A2}
		{D42D993E-5815-4169-80DC-37C39A0EE4A1} = {885F614A-C1BD-41EC-8045-3550D5A924A2}
		{140D8DA9-14E0-4AF2-84D7-7A042C8F9694} = {24988262-9586-4E53-8E9B-154A928BAD4A}
	EndGlobalSection
	GlobalSection(ExtensibilityGlobals) = postSolution
		SolutionGuid = {331E3490-BB79-45FF-984C-63C54924F1FF}
	EndGlobalSection
EndGlobal
